{
  "name": "npm-monorepo-fixture",
  "version": "1.0.0",
  "lockfileVersion": 2,
  "requires": true,
  "packages": {
    "": {
      "name": "npm-monorepo-fixture",
      "version": "1.0.0",
      "workspaces": ["packages/*"],
      "devDependencies": {"typescript": "4.0.0"}
    },
    "packages/pkg-a": {
      "name": "@fixture/pkg-a",
      "version": "1.0.0",
      "dependencies": {"lodash": "4.17.15", "minimist": "1.2.0"}
    },
    "packages/pkg-b": {
      "name": "@fixture/pkg-b",
      "version": "1.0.0",
      "dependencies": {"@fixture/pkg-a": "1.0.0", "axios": "0.21.0", "express": "4.16.0"}
    },
    "packages/pkg-c": {
      "name": "@fixture/pkg-c",
      "version": "1.0.0",
      "dependencies": {"@fixture/pkg-a": "1.0.0", "@fixture/pkg-b": "1.0.0", "node-fetch": "2.6.0"}
    },
    "node_modules/lodash": {"version": "4.17.15"},
    "node_modules/minimist": {"version": "1.2.0"},
    "node_modules/axios": {"version": "0.21.0", "dependencies": {"follow-redirects": "^1.10.0"}},
    "node_modules/follow-redirects": {"version": "1.13.0"},
    "node_modules/express": {"version": "4.16.0"},
    "node_modules/node-fetch": {"version": "2.6.0"},
    "node_modules/typescript": {"version": "4.0.0", "dev": true}
  }
}
