{
  "name": "npm-single-fixture",
  "version": "1.0.0",
  "lockfileVersion": 2,
  "requires": true,
  "packages": {
    "": {
      "name": "npm-single-fixture",
      "version": "1.0.0",
      "dependencies": {
        "lodash": "4.17.15",
        "axios": "0.21.0",
        "express": "4.16.0",
        "minimist": "1.2.0",
        "node-fetch": "2.6.0"
      },
      "devDependencies": {
        "mocha": "8.0.0"
      }
    },
    "node_modules/lodash": {
      "version": "4.17.15",
      "resolved": "https://registry.npmjs.org/lodash/-/lodash-4.17.15.tgz"
    },
    "node_modules/axios": {
      "version": "0.21.0",
      "resolved": "https://registry.npmjs.org/axios/-/axios-0.21.0.tgz",
      "dependencies": {
        "follow-redirects": "^1.10.0"
      }
    },
    "node_modules/follow-redirects": {
      "version": "1.13.0"
    },
    "node_modules/express": {
      "version": "4.16.0",
      "resolved": "https://registry.npmjs.org/express/-/express-4.16.0.tgz",
      "dependencies": {
        "qs": "6.5.1"
      }
    },
    "node_modules/qs": {
      "version": "6.5.1"
    },
    "node_modules/minimist": {
      "version": "1.2.0"
    },
    "node_modules/node-fetch": {
      "version": "2.6.0"
    },
    "node_modules/mocha": {
      "version": "8.0.0",
      "dev": true
    }
  }
}
