[[package]]
name = "requests"
version = "2.20.0"
description = "Python HTTP for Humans."
category = "main"
optional = false
python-versions = "*"

[[package]]
name = "urllib3"
version = "1.25.8"
description = "HTTP library"
category = "main"
optional = false
python-versions = "*"

[[package]]
name = "flask"
version = "1.0.0"
description = "Micro web framework"
category = "main"
optional = false
python-versions = "*"

[[package]]
name = "jinja2"
version = "2.10"
description = "Templating"
category = "main"
optional = false
python-versions = "*"

[[package]]
name = "pyyaml"
version = "5.1"
description = "YAML parser"
category = "main"
optional = false
python-versions = "*"

[[package]]
name = "pytest"
version = "5.0.0"
description = "Testing framework"
category = "dev"
optional = false
python-versions = "*"

[metadata]
lock-version = "1.1"
python-versions = "^3.9"
content-hash = "fakehash"
